
Microsoft Visual Studio Solution File, Format Version 12.00
# Visual Studio Version 17
VisualStudioVersion = 17.5.33414.496
MinimumVisualStudioVersion = 10.0.40219.1
Project("{8BC9CEB8-8B4A-11D0-8D11-00A0C91BC942}") = "AskForAge", "AskForAge\AskForAge.vcxproj", "{77668959-02AB-4CC1-AC61-CB452F30F84B}"
EndProject
Global
	GlobalSection(SolutionConfigurationPlatforms) = preSolution
		Debug|x64 = Debug|x64
		Debug|x86 = Debug|x86
		Release|x64 = Release|x64
		Release|x86 = Release|x86
	EndGlobalSection
	GlobalSection(ProjectConfigurationPlatforms) = postSolution
		{77668959-02AB-4CC1-AC61-CB452F30F84B}.Debug|x64.ActiveCfg = Debug|x64
		{77668959-02AB-4CC1-AC61-CB452F30F84B}.Debug|x64.Build.0 = Debug|x64
		{77668959-02AB-4CC1-AC61-CB452F30F84B}.Debug|x86.ActiveCfg = Debug|Win32
		{77668959-02AB-4CC1-AC61-CB452F30F84B}.Debug|x86.Build.0 = Debug|Win32
		{77668959-02AB-4CC1-AC61-CB452F30F84B}.Release|x64.ActiveCfg = Release|x64
		{77668959-02AB-4CC1-AC61-CB452F30F84B}.Release|x64.Build.0 = Release|x64
		{77668959-02AB-4CC1-AC61-CB452F30F84B}.Release|x86.ActiveCfg = Release|Win32
		{77668959-02AB-4CC1-AC61-CB452F30F84B}.Release|x86.Build.0 = Release|Win32
	EndGlobalSection
	GlobalSection(SolutionProperties) = preSolution
		HideSolutionNode = FALSE
	EndGlobalSection
	GlobalSection(ExtensibilityGlobals) = postSolution
		SolutionGuid = {5C21141E-CFD5-47ED-9FEF-DCC24CF53A62}
	EndGlobalSection
EndGlobal
