
Microsoft Visual Studio Solution File, Format Version 12.00
# Visual Studio Version 17
VisualStudioVersion = 17.5.33414.496
MinimumVisualStudioVersion = 10.0.40219.1
Project("{8BC9CEB8-8B4A-11D0-8D11-00A0C91BC942}") = "HigherNumber", "HigherNumber\HigherNumber.vcxproj", "{806AAE14-24F5-4792-8D09-78F1F6CB627C}"
EndProject
Global
	GlobalSection(SolutionConfigurationPlatforms) = preSolution
		Debug|x64 = Debug|x64
		Debug|x86 = Debug|x86
		Release|x64 = Release|x64
		Release|x86 = Release|x86
	EndGlobalSection
	GlobalSection(ProjectConfigurationPlatforms) = postSolution
		{806AAE14-24F5-4792-8D09-78F1F6CB627C}.Debug|x64.ActiveCfg = Debug|x64
		{806AAE14-24F5-4792-8D09-78F1F6CB627C}.Debug|x64.Build.0 = Debug|x64
		{806AAE14-24F5-4792-8D09-78F1F6CB627C}.Debug|x86.ActiveCfg = Debug|Win32
		{806AAE14-24F5-4792-8D09-78F1F6CB627C}.Debug|x86.Build.0 = Debug|Win32
		{806AAE14-24F5-4792-8D09-78F1F6CB627C}.Release|x64.ActiveCfg = Release|x64
		{806AAE14-24F5-4792-8D09-78F1F6CB627C}.Release|x64.Build.0 = Release|x64
		{806AAE14-24F5-4792-8D09-78F1F6CB627C}.Release|x86.ActiveCfg = Release|Win32
		{806AAE14-24F5-4792-8D09-78F1F6CB627C}.Release|x86.Build.0 = Release|Win32
	EndGlobalSection
	GlobalSection(SolutionProperties) = preSolution
		HideSolutionNode = FALSE
	EndGlobalSection
	GlobalSection(ExtensibilityGlobals) = postSolution
		SolutionGuid = {98C38B73-2B94-4635-9C9F-4D6399704869}
	EndGlobalSection
EndGlobal
